// !$*UTF8*$!
{
	archiveVersion = 1;
	classes = {
	};
	objectVersion = 46;
	objects = {

/* Begin PBXBuildFile section */
		6B12CDC11EE9AE230017B360 /* AppDelegate.swift in Sources */ = {isa = PBXBuildFile; fileRef = 6B12CDC01EE9AE230017B360 /* AppDelegate.swift */; };
		6B12CDC61EE9AE240017B360 /* Main.storyboard in Resources */ = {isa = PBXBuildFile; fileRef = 6B12CDC41EE9AE240017B360 /* Main.storyboard */; };
		6B12CDC81EE9AE240017B360 /* Assets.xcassets in Resources */ = {isa = PBXBuildFile; fileRef = 6B12CDC71EE9AE240017B360 /* Assets.xcassets */; };
		6B12CDCB1EE9AE240017B360 /* LaunchScreen.storyboard in Resources */ = {isa = PBXBuildFile; fileRef = 6B12CDC91EE9AE240017B360 /* LaunchScreen.storyboard */; };
		6B12CDD31EE9B09D0017B360 /* Survey.swift in Sources */ = {isa = PBXBuildFile; fileRef = 6B12CDD21EE9B09D0017B360 /* Survey.swift */; };
		6B12CDD91EE9B3B10017B360 /* SurveyController.swift in Sources */ = {isa = PBXBuildFile; fileRef = 6B12CDD81EE9B3B10017B360 /* SurveyController.swift */; };
		6B12CDDC1EE9B4370017B360 /* NetworkController.swift in Sources */ = {isa = PBXBuildFile; fileRef = 6B12CDDB1EE9B4370017B360 /* NetworkController.swift */; };
/* End PBXBuildFile section */

/* Begin PBXFileReference section */
		6B12CDBD1EE9AE230017B360 /* Survey2.app */ = {isa = PBXFileReference; explicitFileType = wrapper.application; includeInIndex = 0; path = Survey2.app; sourceTree = BUILT_PRODUCTS_DIR; };
		6B12CDC01EE9AE230017B360 /* AppDelegate.swift */ = {isa = PBXFileReference; lastKnownFileType = sourcecode.swift; path = AppDelegate.swift; sourceTree = "<group>"; };
		6B12CDC51EE9AE240017B360 /* Base */ = {isa = PBXFileReference; lastKnownFileType = file.storyboard; name = Base; path = Base.lproj/Main.storyboard; sourceTree = "<group>"; };
		6B12CDC71EE9AE240017B360 /* Assets.xcassets */ = {isa = PBXFileReference; lastKnownFileType = folder.assetcatalog; path = Assets.xcassets; sourceTree = "<group>"; };
		6B12CDCA1EE9AE240017B360 /* Base */ = {isa = PBXFileReference; lastKnownFileType = file.storyboard; name = Base; path = Base.lproj/LaunchScreen.storyboard; sourceTree = "<group>"; };
		6B12CDCC1EE9AE240017B360 /* Info.plist */ = {isa = PBXFileReference; lastKnownFileType = text.plist.xml; path = Info.plist; sourceTree = "<group>"; };
		6B12CDD21EE9B09D0017B360 /* Survey.swift */ = {isa = PBXFileReference; fileEncoding = 4; lastKnownFileType = sourcecode.swift; path = Survey.swift; sourceTree = "<group>"; };
		6B12CDD81EE9B3B10017B360 /* SurveyController.swift */ = {isa = PBXFileReference; fileEncoding = 4; lastKnownFileType = sourcecode.swift; path = SurveyController.swift; sourceTree = "<group>"; };
		6B12CDDB1EE9B4370017B360 /* NetworkController.swift */ = {isa = PBXFileReference; fileEncoding = 4; lastKnownFileType = sourcecode.swift; path = NetworkController.swift; sourceTree = "<group>"; };
/* End PBXFileReference section */

/* Begin PBXFrameworksBuildPhase section */
		6B12CDBA1EE9AE230017B360 /* Frameworks */ = {
			isa = PBXFrameworksBuildPhase;
			buildActionMask = 2147483647;
			files = (
			);
			runOnlyForDeploymentPostprocessing = 0;
		};
/* End PBXFrameworksBuildPhase section */

/* Begin PBXGroup section */
		6B12CDB41EE9AE230017B360 = {
			isa = PBXGroup;
			children = (
				6B12CDBF1EE9AE230017B360 /* Survey2 */,
				6B12CDBE1EE9AE230017B360 /* Products */,
			);
			sourceTree = "<group>";
		};
		6B12CDBE1EE9AE230017B360 /* Products */ = {
			isa = PBXGroup;
			children = (
				6B12CDBD1EE9AE230017B360 /* Survey2.app */,
			);
			name = Products;
			sourceTree = "<group>";
		};
		6B12CDBF1EE9AE230017B360 /* Survey2 */ = {
			isa = PBXGroup;
			children = (
				6B12CDC01EE9AE230017B360 /* AppDelegate.swift */,
				6B12CDD71EE9B3A20017B360 /* ModelControllers */,
				6B12CDD41EE9B0A10017B360 /* Models */,
				6B12CDD61EE9B0B40017B360 /* ViewControllers */,
				6B12CDDA1EE9B4200017B360 /* Networking */,
				6B12CDD51EE9B0AD0017B360 /* Resources */,
			);
			path = Survey2;
			sourceTree = "<group>";
		};
		6B12CDD41EE9B0A10017B360 /* Models */ = {
			isa = PBXGroup;
			children = (
				6B12CDD21EE9B09D0017B360 /* Survey.swift */,
			);
			name = Models;
			sourceTree = "<group>";
		};
		6B12CDD51EE9B0AD0017B360 /* Resources */ = {
			isa = PBXGroup;
			children = (
				6B12CDC71EE9AE240017B360 /* Assets.xcassets */,
				6B12CDC91EE9AE240017B360 /* LaunchScreen.storyboard */,
				6B12CDCC1EE9AE240017B360 /* Info.plist */,
			);
			name = Resources;
			sourceTree = "<group>";
		};
		6B12CDD61EE9B0B40017B360 /* ViewControllers */ = {
			isa = PBXGroup;
			children = (
				6B12CDC41EE9AE240017B360 /* Main.storyboard */,
			);
			name = ViewControllers;
			sourceTree = "<group>";
		};
		6B12CDD71EE9B3A20017B360 /* ModelControllers */ = {
			isa = PBXGroup;
			children = (
				6B12CDD81EE9B3B10017B360 /* SurveyController.swift */,
			);
			name = ModelControllers;
			sourceTree = "<group>";
		};
		6B12CDDA1EE9B4200017B360 /* Networking */ = {
			isa = PBXGroup;
			children = (
				6B12CDDB1EE9B4370017B360 /* NetworkController.swift */,
			);
			name = Networking;
			sourceTree = "<group>";
		};
/* End PBXGroup section */

/* Begin PBXNativeTarget section */
		6B12CDBC1EE9AE230017B360 /* Survey2 */ = {
			isa = PBXNativeTarget;
			buildConfigurationList = 6B12CDCF1EE9AE240017B360 /* Build configuration list for PBXNativeTarget "Survey2" */;
			buildPhases = (
				6B12CDB91EE9AE230017B360 /* Sources */,
				6B12CDBA1EE9AE230017B360 /* Frameworks */,
				6B12CDBB1EE9AE230017B360 /* Resources */,
			);
			buildRules = (
			);
			dependencies = (
			);
			name = Survey2;
			productName = Survey2;
			productReference = 6B12CDBD1EE9AE230017B360 /* Survey2.app */;
			productType = "com.apple.product-type.application";
		};
/* End PBXNativeTarget section */

/* Begin PBXProject section */
		6B12CDB51EE9AE230017B360 /* Project object */ = {
			isa = PBXProject;
			attributes = {
				LastSwiftUpdateCheck = 0830;
				LastUpgradeCheck = 0830;
				ORGANIZATIONNAME = "Bradley Gilmore";
				TargetAttributes = {
					6B12CDBC1EE9AE230017B360 = {
						CreatedOnToolsVersion = 8.3.3;
						DevelopmentTeam = N8EMAYLL43;
						ProvisioningStyle = Automatic;
					};
				};
			};
			buildConfigurationList = 6B12CDB81EE9AE230017B360 /* Build configuration list for PBXProject "Survey2" */;
			compatibilityVersion = "Xcode 3.2";
			developmentRegion = English;
			hasScannedForEncodings = 0;
			knownRegions = (
				en,
				Base,
			);
			mainGroup = 6B12CDB41EE9AE230017B360;
			productRefGroup = 6B12CDBE1EE9AE230017B360 /* Products */;
			projectDirPath = "";
			projectRoot = "";
			targets = (
				6B12CDBC1EE9AE230017B360 /* Survey2 */,
			);
		};
/* End PBXProject section */

/* Begin PBXResourcesBuildPhase section */
		6B12CDBB1EE9AE230017B360 /* Resources */ = {
			isa = PBXResourcesBuildPhase;
			buildActionMask = 2147483647;
			files = (
				6B12CDCB1EE9AE240017B360 /* LaunchScreen.storyboard in Resources */,
				6B12CDC81EE9AE240017B360 /* Assets.xcassets in Resources */,
				6B12CDC61EE9AE240017B360 /* Main.storyboard in Resources */,
			);
			runOnlyForDeploymentPostprocessing = 0;
		};
/* End PBXResourcesBuildPhase section */

/* Begin PBXSourcesBuildPhase section */
		6B12CDB91EE9AE230017B360 /* Sources */ = {
			isa = PBXSourcesBuildPhase;
			buildActionMask = 2147483647;
			files = (
				6B12CDDC1EE9B4370017B360 /* NetworkController.swift in Sources */,
				6B12CDD91EE9B3B10017B360 /* SurveyController.swift in Sources */,
				6B12CDC11EE9AE230017B360 /* AppDelegate.swift in Sources */,
				6B12CDD31EE9B09D0017B360 /* Survey.swift in Sources */,
			);
			runOnlyForDeploymentPostprocessing = 0;
		};
/* End PBXSourcesBuildPhase section */

/* Begin PBXVariantGroup section */
		6B12CDC41EE9AE240017B360 /* Main.storyboard */ = {
			isa = PBXVariantGroup;
			children = (
				6B12CDC51EE9AE240017B360 /* Base */,
			);
			name = Main.storyboard;
			sourceTree = "<group>";
		};
		6B12CDC91EE9AE240017B360 /* LaunchScreen.storyboard */ = {
			isa = PBXVariantGroup;
			children = (
				6B12CDCA1EE9AE240017B360 /* Base */,
			);
			name = LaunchScreen.storyboard;
			sourceTree = "<group>";
		};
/* End PBXVariantGroup section */

/* Begin XCBuildConfiguration section */
		6B12CDCD1EE9AE240017B360 /* Debug */ = {
			isa = XCBuildConfiguration;
			buildSettings = {
				ALWAYS_SEARCH_USER_PATHS = NO;
				CLANG_ANALYZER_NONNULL = YES;
				CLANG_ANALYZER_NUMBER_OBJECT_CONVERSION = YES_AGGRESSIVE;
				CLANG_CXX_LANGUAGE_STANDARD = "gnu++0x";
				CLANG_CXX_LIBRARY = "libc++";
				CLANG_ENABLE_MODULES = YES;
				CLANG_ENABLE_OBJC_ARC = YES;
				CLANG_WARN_BOOL_CONVERSION = YES;
				CLANG_WARN_CONSTANT_CONVERSION = YES;
				CLANG_WARN_DIRECT_OBJC_ISA_USAGE = YES_ERROR;
				CLANG_WARN_DOCUMENTATION_COMMENTS = YES;
				CLANG_WARN_EMPTY_BODY = YES;
				CLANG_WARN_ENUM_CONVERSION = YES;
				CLANG_WARN_INFINITE_RECURSION = YES;
				CLANG_WARN_INT_CONVERSION = YES;
				CLANG_WARN_OBJC_ROOT_CLASS = YES_ERROR;
				CLANG_WARN_SUSPICIOUS_MOVE = YES;
				CLANG_WARN_UNREACHABLE_CODE = YES;
				CLANG_WARN__DUPLICATE_METHOD_MATCH = YES;
				"CODE_SIGN_IDENTITY[sdk=iphoneos*]" = "iPhone Developer";
				COPY_PHASE_STRIP = NO;
				DEBUG_INFORMATION_FORMAT = dwarf;
				ENABLE_STRICT_OBJC_MSGSEND = YES;
				ENABLE_TESTABILITY = YES;
				GCC_C_LANGUAGE_STANDARD = gnu99;
				GCC_DYNAMIC_NO_PIC = NO;
				GCC_NO_COMMON_BLOCKS = YES;
				GCC_OPTIMIZATION_LEVEL = 0;
				GCC_PREPROCESSOR_DEFINITIONS = (
					"DEBUG=1",
					"$(inherited)",
				);
				GCC_WARN_64_TO_32_BIT_CONVERSION = YES;
				GCC_WARN_ABOUT_RETURN_TYPE = YES_ERROR;
				GCC_WARN_UNDECLARED_SELECTOR = YES;
				GCC_WARN_UNINITIALIZED_AUTOS = YES_AGGRESSIVE;
				GCC_WARN_UNUSED_FUNCTION = YES;
				GCC_WARN_UNUSED_VARIABLE = YES;
				IPHONEOS_DEPLOYMENT_TARGET = 10.3;
				MTL_ENABLE_DEBUG_INFO = YES;
				ONLY_ACTIVE_ARCH = YES;
				SDKROOT = iphoneos;
				SWIFT_ACTIVE_COMPILATION_CONDITIONS = DEBUG;
				SWIFT_OPTIMIZATION_LEVEL = "-Onone";
			};
			name = Debug;
		};
		6B12CDCE1EE9AE240017B360 /* Release */ = {
			isa = XCBuildConfiguration;
			buildSettings = {
				ALWAYS_SEARCH_USER_PATHS = NO;
				CLANG_ANALYZER_NONNULL = YES;
				CLANG_ANALYZER_NUMBER_OBJECT_CONVERSION = YES_AGGRESSIVE;
				CLANG_CXX_LANGUAGE_STANDARD = "gnu++0x";
				CLANG_CXX_LIBRARY = "libc++";
				CLANG_ENABLE_MODULES = YES;
				CLANG_ENABLE_OBJC_ARC = YES;
				CLANG_WARN_BOOL_CONVERSION = YES;
				CLANG_WARN_CONSTANT_CONVERSION = YES;
				CLANG_WARN_DIRECT_OBJC_ISA_USAGE = YES_ERROR;
				CLANG_WARN_DOCUMENTATION_COMMENTS = YES;
				CLANG_WARN_EMPTY_BODY = YES;
				CLANG_WARN_ENUM_CONVERSION = YES;
				CLANG_WARN_INFINITE_RECURSION = YES;
				CLANG_WARN_INT_CONVERSION = YES;
				CLANG_WARN_OBJC_ROOT_CLASS = YES_ERROR;
				CLANG_WARN_SUSPICIOUS_MOVE = YES;
				CLANG_WARN_UNREACHABLE_CODE = YES;
				CLANG_WARN__DUPLICATE_METHOD_MATCH = YES;
				"CODE_SIGN_IDENTITY[sdk=iphoneos*]" = "iPhone Developer";
				COPY_PHASE_STRIP = NO;
				DEBUG_INFORMATION_FORMAT = "dwarf-with-dsym";
				ENABLE_NS_ASSERTIONS = NO;
				ENABLE_STRICT_OBJC_MSGSEND = YES;
				GCC_C_LANGUAGE_STANDARD = gnu99;
				GCC_NO_COMMON_BLOCKS = YES;
				GCC_WARN_64_TO_32_BIT_CONVERSION = YES;
				GCC_WARN_ABOUT_RETURN_TYPE = YES_ERROR;
				GCC_WARN_UNDECLARED_SELECTOR = YES;
				GCC_WARN_UNINITIALIZED_AUTOS = YES_AGGRESSIVE;
				GCC_WARN_UNUSED_FUNCTION = YES;
				GCC_WARN_UNUSED_VARIABLE = YES;
				IPHONEOS_DEPLOYMENT_TARGET = 10.3;
				MTL_ENABLE_DEBUG_INFO = NO;
				SDKROOT = iphoneos;
				SWIFT_OPTIMIZATION_LEVEL = "-Owholemodule";
				VALIDATE_PRODUCT = YES;
			};
			name = Release;
		};
		6B12CDD01EE9AE240017B360 /* Debug */ = {
			isa = XCBuildConfiguration;
			buildSettings = {
				ASSETCATALOG_COMPILER_APPICON_NAME = AppIcon;
				DEVELOPMENT_TEAM = N8EMAYLL43;
				INFOPLIST_FILE = Survey2/Info.plist;
				LD_RUNPATH_SEARCH_PATHS = "$(inherited) @executable_path/Frameworks";
				PRODUCT_BUNDLE_IDENTIFIER = com.bradleygilmore.Survey2;
				PRODUCT_NAME = "$(TARGET_NAME)";
				SWIFT_VERSION = 3.0;
			};
			name = Debug;
		};
		6B12CDD11EE9AE240017B360 /* Release */ = {
			isa = XCBuildConfiguration;
			buildSettings = {
				ASSETCATALOG_COMPILER_APPICON_NAME = AppIcon;
				DEVELOPMENT_TEAM = N8EMAYLL43;
				INFOPLIST_FILE = Survey2/Info.plist;
				LD_RUNPATH_SEARCH_PATHS = "$(inherited) @executable_path/Frameworks";
				PRODUCT_BUNDLE_IDENTIFIER = com.bradleygilmore.Survey2;
				PRODUCT_NAME = "$(TARGET_NAME)";
				SWIFT_VERSION = 3.0;
			};
			name = Release;
		};
/* End XCBuildConfiguration section */

/* Begin XCConfigurationList section */
		6B12CDB81EE9AE230017B360 /* Build configuration list for PBXProject "Survey2" */ = {
			isa = XCConfigurationList;
			buildConfigurations = (
				6B12CDCD1EE9AE240017B360 /* Debug */,
				6B12CDCE1EE9AE240017B360 /* Release */,
			);
			defaultConfigurationIsVisible = 0;
			defaultConfigurationName = Release;
		};
		6B12CDCF1EE9AE240017B360 /* Build configuration list for PBXNativeTarget "Survey2" */ = {
			isa = XCConfigurationList;
			buildConfigurations = (
				6B12CDD01EE9AE240017B360 /* Debug */,
				6B12CDD11EE9AE240017B360 /* Release */,
			);
			defaultConfigurationIsVisible = 0;
		};
/* End XCConfigurationList section */
	};
	rootObject = 6B12CDB51EE9AE230017B360 /* Project object */;
}
